{
  "nodes": {
    "BerkeleyMono": {
      "flake": false,
      "locked": {
        "lastModified": 1747702973,
        "narHash": "sha256-O0WGaI3ZahOlpdmSeaTcnbLReHackU5Hg4KTkKr0qoE=",
        "ref": "refs/heads/main",
        "rev": "a16be67ead327d2299ebe71d9dd5440ed5afb678",
        "revCount": 7,
        "type": "git",
        "url": "ssh://git@github.com/redyf/BerkeleyMono.git"
      },
      "original": {
        "type": "git",
        "url": "ssh://git@github.com/redyf/BerkeleyMono.git"
      }
    },
    "cartograph": {
      "flake": false,
      "locked": {
        "lastModified": 1723304402,
        "narHash": "sha256-/JvDN8l4wqUV1yk1CACDq8sZ96H9QfIlfeLI2lfyQMU=",
        "ref": "refs/heads/main",
        "rev": "86899aa09dcf18ff984aa8ff6d5cb5c35cc5dbb0",
        "revCount": 1,
        "type": "git",
        "url": "ssh://git@github.com/redyf/cartograph.git"
      },
      "original": {
        "type": "git",
        "url": "ssh://git@github.com/redyf/cartograph.git"
      }
    },
    "flake-utils": {
      "inputs": {
        "systems": "systems"
      },
      "locked": {
        "lastModified": 1731533236,
        "narHash": "sha256-l0KFg5HjrsfsO/JpG+r7fRrqm12kzFHyUHqHCVpMMbI=",
        "owner": "numtide",
        "repo": "flake-utils",
        "rev": "11707dc2f618dd54ca8739b309ec4fc024de578b",
        "type": "github"
      },
      "original": {
        "owner": "numtide",
        "repo": "flake-utils",
        "type": "github"
      }
    },
    "monolisa": {
      "flake": false,
      "locked": {
        "lastModified": 1709742524,
        "narHash": "sha256-mkw+WhtLw7498iNI4jTdeTq2eteJsfgxN0o8hs0q2l8=",
        "ref": "refs/heads/main",
        "rev": "c234fad704153e0244f160e1e293f35c4b2ff26e",
        "revCount": 3,
        "type": "git",
        "url": "ssh://git@github.com/redyf/monolisa.git"
      },
      "original": {
        "type": "git",
        "url": "ssh://git@github.com/redyf/monolisa.git"
      }
    },
    "nixpkgs": {
      "locked": {
        "lastModified": 1747699997,
        "narHash": "sha256-Us+99AQBnrHfdSBHLF6SgYDUiJhYNTncFXznqSdhlVI=",
        "owner": "NixOS",
        "repo": "nixpkgs",
        "rev": "5c68d925b545ab6daea44ba1295756bb2493c6af",
        "type": "github"
      },
      "original": {
        "owner": "NixOS",
        "repo": "nixpkgs",
        "type": "github"
      }
    },
    "root": {
      "inputs": {
        "BerkeleyMono": "BerkeleyMono",
        "cartograph": "cartograph",
        "flake-utils": "flake-utils",
        "monolisa": "monolisa",
        "nixpkgs": "nixpkgs",
        "tx02": "tx02"
      }
    },
    "systems": {
      "locked": {
        "lastModified": 1681028828,
        "narHash": "sha256-Vy1rq5AaRuLzOxct8nz4T6wlgyUR7zLU309k9mBC768=",
        "owner": "nix-systems",
        "repo": "default",
        "rev": "da67096a3b9bf56a91d16901293e51ba5b49a27e",
        "type": "github"
      },
      "original": {
        "owner": "nix-systems",
        "repo": "default",
        "type": "github"
      }
    },
    "tx02": {
      "flake": false,
      "locked": {
        "lastModified": 1748052604,
        "narHash": "sha256-QEaoSLA3mEm0Q8hdxvHNESWcQeEe7LtWum4ivAeqDrM=",
        "ref": "refs/heads/main",
        "rev": "091a7e2090c34a7c6a790468ed44eba23fb69488",
        "revCount": 1,
        "type": "git",
        "url": "ssh://git@github.com/redyf/tx02.git"
      },
      "original": {
        "type": "git",
        "url": "ssh://git@github.com/redyf/tx02.git"
      }
    }
  },
  "root": "root",
  "version": 7
}
