{
  "nodes": {
    "BerkeleyMono": {
      "flake": false,
      "locked": {
        "lastModified": 1754773656,
        "narHash": "sha256-ZPV1KhyipXSgg9EFRuzU/wSFt5+Sl3pu2zS30GYLCrM=",
        "ref": "refs/heads/main",
        "rev": "31d231311bb7d1fa87f11625a22566f35e52b753",
        "revCount": 2,
        "type": "git",
        "url": "ssh://git@github.com/redyf/berkeley-mono.git"
      },
      "original": {
        "type": "git",
        "url": "ssh://git@github.com/redyf/berkeley-mono.git"
      }
    },
    "cartograph": {
      "flake": false,
      "locked": {
        "lastModified": 1723304402,
        "narHash": "sha256-/JvDN8l4wqUV1yk1CACDq8sZ96H9QfIlfeLI2lfyQMU=",
        "ref": "refs/heads/main",
        "rev": "86899aa09dcf18ff984aa8ff6d5cb5c35cc5dbb0",
        "revCount": 1,
        "type": "git",
        "url": "ssh://git@github.com/redyf/cartograph.git"
      },
      "original": {
        "type": "git",
        "url": "ssh://git@github.com/redyf/cartograph.git"
      }
    },
    "flake-utils": {
      "inputs": {
        "systems": "systems"
      },
      "locked": {
        "lastModified": 1731533236,
        "narHash": "sha256-l0KFg5HjrsfsO/JpG+r7fRrqm12kzFHyUHqHCVpMMbI=",
        "owner": "numtide",
        "repo": "flake-utils",
        "rev": "11707dc2f618dd54ca8739b309ec4fc024de578b",
        "type": "github"
      },
      "original": {
        "owner": "numtide",
        "repo": "flake-utils",
        "type": "github"
      }
    },
    "maple": {
      "flake": false,
      "locked": {
        "lastModified": 1770227539,
        "narHash": "sha256-XZrpqRRF3AM62IOcC/+K6UrWROplmMjJbXkhE61ackg=",
        "ref": "refs/heads/main",
        "rev": "23a6ed3c6369358bbb252e9cf93d6d4a62975a80",
        "revCount": 1,
        "type": "git",
        "url": "ssh://git@github.com/redyf/maple-font-brackets.git"
      },
      "original": {
        "type": "git",
        "url": "ssh://git@github.com/redyf/maple-font-brackets.git"
      }
    },
    "monolisa": {
      "flake": false,
      "locked": {
        "lastModified": 1709742524,
        "narHash": "sha256-mkw+WhtLw7498iNI4jTdeTq2eteJsfgxN0o8hs0q2l8=",
        "ref": "refs/heads/main",
        "rev": "c234fad704153e0244f160e1e293f35c4b2ff26e",
        "revCount": 3,
        "type": "git",
        "url": "ssh://git@github.com/redyf/monolisa.git"
      },
      "original": {
        "type": "git",
        "url": "ssh://git@github.com/redyf/monolisa.git"
      }
    },
    "nixpkgs": {
      "locked": {
        "lastModified": 1770752672,
        "narHash": "sha256-fd9dFhrvc7ObQQr6wDAWuv0RqWnhR7lWtt7enzTLr5w=",
        "owner": "NixOS",
        "repo": "nixpkgs",
        "rev": "1c415018b24020442ee94e6b84a8a4a24078a61e",
        "type": "github"
      },
      "original": {
        "owner": "NixOS",
        "repo": "nixpkgs",
        "type": "github"
      }
    },
    "root": {
      "inputs": {
        "BerkeleyMono": "BerkeleyMono",
        "cartograph": "cartograph",
        "flake-utils": "flake-utils",
        "maple": "maple",
        "monolisa": "monolisa",
        "nixpkgs": "nixpkgs",
        "tx02": "tx02"
      }
    },
    "systems": {
      "locked": {
        "lastModified": 1681028828,
        "narHash": "sha256-Vy1rq5AaRuLzOxct8nz4T6wlgyUR7zLU309k9mBC768=",
        "owner": "nix-systems",
        "repo": "default",
        "rev": "da67096a3b9bf56a91d16901293e51ba5b49a27e",
        "type": "github"
      },
      "original": {
        "owner": "nix-systems",
        "repo": "default",
        "type": "github"
      }
    },
    "tx02": {
      "flake": false,
      "locked": {
        "lastModified": 1754861062,
        "narHash": "sha256-0FKwc21OhztUo25DngEAUrF+hWovSnMo2gXc7eNFZnM=",
        "ref": "refs/heads/main",
        "rev": "2be7d179b5e4e07feba73ea398e5604ba70d9170",
        "revCount": 3,
        "type": "git",
        "url": "ssh://git@github.com/redyf/tx-02-trial.git"
      },
      "original": {
        "type": "git",
        "url": "ssh://git@github.com/redyf/tx-02-trial.git"
      }
    }
  },
  "root": "root",
  "version": 7
}
