{
  "nodes": {
    "BerkeleyMono": {
      "flake": false,
      "locked": {
        "lastModified": 1730071755,
        "narHash": "sha256-+ktwTMcFobrWezeAW9ix6OL1jQc4bzib9elAubqWJg8=",
        "ref": "refs/heads/main",
        "rev": "c91f0f30710b63e7ebb1bdbec881775aaf1b1e62",
        "revCount": 1,
        "type": "git",
        "url": "ssh://git@github.com/redyf/BerkeleyMono.git"
      },
      "original": {
        "type": "git",
        "url": "ssh://git@github.com/redyf/BerkeleyMono.git"
      }
    },
    "cartograph": {
      "flake": false,
      "locked": {
        "lastModified": 1723304402,
        "narHash": "sha256-/JvDN8l4wqUV1yk1CACDq8sZ96H9QfIlfeLI2lfyQMU=",
        "ref": "refs/heads/main",
        "rev": "86899aa09dcf18ff984aa8ff6d5cb5c35cc5dbb0",
        "revCount": 1,
        "type": "git",
        "url": "ssh://git@github.com/redyf/cartograph.git"
      },
      "original": {
        "type": "git",
        "url": "ssh://git@github.com/redyf/cartograph.git"
      }
    },
    "flake-utils": {
      "inputs": {
        "systems": "systems"
      },
      "locked": {
        "lastModified": 1731533236,
        "narHash": "sha256-l0KFg5HjrsfsO/JpG+r7fRrqm12kzFHyUHqHCVpMMbI=",
        "owner": "numtide",
        "repo": "flake-utils",
        "rev": "11707dc2f618dd54ca8739b309ec4fc024de578b",
        "type": "github"
      },
      "original": {
        "owner": "numtide",
        "repo": "flake-utils",
        "type": "github"
      }
    },
    "monolisa": {
      "flake": false,
      "locked": {
        "lastModified": 1709742524,
        "narHash": "sha256-mkw+WhtLw7498iNI4jTdeTq2eteJsfgxN0o8hs0q2l8=",
        "ref": "refs/heads/main",
        "rev": "c234fad704153e0244f160e1e293f35c4b2ff26e",
        "revCount": 3,
        "type": "git",
        "url": "ssh://git@github.com/redyf/monolisa.git"
      },
      "original": {
        "type": "git",
        "url": "ssh://git@github.com/redyf/monolisa.git"
      }
    },
    "nixpkgs": {
      "locked": {
        "lastModified": 1735788465,
        "narHash": "sha256-EES+DPOrtyn2bbIF8owRhrESTLH01QgYZRkuNAzTrDk=",
        "owner": "NixOS",
        "repo": "nixpkgs",
        "rev": "6bf1c8def024d6da630e70b27d28b2052247fbe9",
        "type": "github"
      },
      "original": {
        "owner": "NixOS",
        "repo": "nixpkgs",
        "type": "github"
      }
    },
    "root": {
      "inputs": {
        "BerkeleyMono": "BerkeleyMono",
        "cartograph": "cartograph",
        "flake-utils": "flake-utils",
        "monolisa": "monolisa",
        "nixpkgs": "nixpkgs"
      }
    },
    "systems": {
      "locked": {
        "lastModified": 1681028828,
        "narHash": "sha256-Vy1rq5AaRuLzOxct8nz4T6wlgyUR7zLU309k9mBC768=",
        "owner": "nix-systems",
        "repo": "default",
        "rev": "da67096a3b9bf56a91d16901293e51ba5b49a27e",
        "type": "github"
      },
      "original": {
        "owner": "nix-systems",
        "repo": "default",
        "type": "github"
      }
    }
  },
  "root": "root",
  "version": 7
}
